<?xml version="1.0" encoding="utf-8"?>
<Project ToolsVersion="4.0" xmlns="http://schemas.microsoft.com/developer/msbuild/2003">
  <ItemGroup>
    <FxCompile Include="Shaders\CompositingPixelShader.hlsl" />
    <FxCompile Include="Shaders\CompositingVertexShader.hlsl" />
    <FxCompile Include="Shaders\FXAA_PS.hlsl" />
    <FxCompile Include="Shaders\GAO_FinalPixelShader.hlsl" />
    <FxCompile Include="Shaders\LightningDomainShader.hlsl" />
    <FxCompile Include="Shaders\LightningGeometryShader.hlsl" />
    <FxCompile Include="Shaders\LightningHullShader.hlsl" />
    <FxCompile Include="Shaders\LightningPixelShader.hlsl" />
    <FxCompile Include="Shaders\LightningVertexShader.hlsl" />
    <FxCompile Include="Shaders\MEYLAN_PixelShader.hlsl" />
    <FxCompile Include="Shaders\MEYLAN_VertexShader.hlsl" />
    <FxCompile Include="Shaders\PixelShader.hlsl" />
    <FxCompile Include="Shaders\REINHARD_PixelShader.hlsl" />
    <FxCompile Include="Shaders\REINHARD_VertexShader.hlsl" />
    <FxCompile Include="Shaders\SimpleVertexShader.hlsl" />
    <FxCompile Include="Shaders\SSAA_PS.hlsl" />
    <FxCompile Include="Shaders\GAO_PixelShader.hlsl" />
    <FxCompile Include="Shaders\GAO_VertexShader.hlsl" />
    <FxCompile Include="Shaders\VertexShader.hlsl" />
    <FxCompile Include="Shaders\Text_PS.hlsl" />
    <FxCompile Include="Shaders\Text_VS.hlsl" />
    <FxCompile Include="Shaders\Text_Size_PS.hlsl" />
    <FxCompile Include="Shaders\Text_CS.hlsl" />
    <FxCompile Include="Shaders\TextCorners_PS.hlsl" />
  </ItemGroup>
  <ItemGroup>
    <ClCompile Include="ApplicationContext.cpp" />
    <ClCompile Include="Classes\AntiAliasing.cpp" />
    <ClCompile Include="Classes\Compositing.cpp" />
    <ClCompile Include="Classes\Lightning.cpp" />
    <ClCompile Include="Classes\main.cpp" />
    <ClCompile Include="Classes\GraphicsManager.cpp" />
    <ClCompile Include="Classes\Text.cpp" />
    <ClCompile Include="Classes\ToneMapping.cpp" />
    <ClCompile Include="Classes\WindowManager.cpp" />
  </ItemGroup>
  <ItemGroup>
    <ClInclude Include="ApplicationContext.h" />
    <ClInclude Include="Classes\AntiAliasing.h" />
    <ClInclude Include="Classes\Compositing.h" />
    <ClInclude Include="Classes\DataStructures.h" />
    <ClInclude Include="Classes\GraphicsManager.h" />
    <ClInclude Include="Classes\Lightning.h" />
    <ClInclude Include="Classes\Text.h" />
    <ClInclude Include="Classes\ToneMapping.h" />
    <ClInclude Include="Classes\WindowManager.h" />
  </ItemGroup>
</Project>